
Microsoft Visual Studio Solution File, Format Version 12.00
# Visual Studio Version 17
VisualStudioVersion = 17.0.31903.59
MinimumVisualStudioVersion = 10.0.40219.1
Project("{2150E333-8FDC-42A3-9474-1A3956D46DE8}") = "src", "src", "{26B37E9A-3EE8-420B-A532-884A2DD1B3B8}"
EndProject
Project("{FAE04EC0-301F-11D3-BF4B-00C04F79EFBC}") = "BingoCart.Domain", "src\BingoCart.Domain\BingoCart.Domain.csproj", "{03447582-C654-44DA-A910-3A998ED1F9B1}"
EndProject
Project("{FAE04EC0-301F-11D3-BF4B-00C04F79EFBC}") = "BingoCart.Application", "src\BingoCart.Application\BingoCart.Application.csproj", "{4BDD007E-5626-4D91-9F7B-27A0B0F12486}"
EndProject
Project("{FAE04EC0-301F-11D3-BF4B-00C04F79EFBC}") = "BingoCart.Infrastructure", "src\BingoCart.Infrastructure\BingoCart.Infrastructure.csproj", "{8011D6A3-7E3C-48C5-B6ED-976A95688393}"
EndProject
Project("{FAE04EC0-301F-11D3-BF4B-00C04F79EFBC}") = "BingoCart.Api", "src\BingoCart.Api\BingoCart.Api.csproj", "{B359ABBA-7A59-4BA3-B711-C6C4A489107B}"
EndProject
Project("{2150E333-8FDC-42A3-9474-1A3956D46DE8}") = "tests", "tests", "{62A0CFAE-2904-4BE4-A02A-BD0247387D46}"
EndProject
Project("{FAE04EC0-301F-11D3-BF4B-00C04F79EFBC}") = "BingoCart.Infrastructure.Tests", "tests\BingoCart.Infrastructure.Tests\BingoCart.Infrastructure.Tests.csproj", "{AAE0DB1B-FEAF-4331-A947-8DE43899F470}"
EndProject
Project("{FAE04EC0-301F-11D3-BF4B-00C04F79EFBC}") = "BingoCart.Domain.Tests", "tests\BingoCart.Domain.Tests\BingoCart.Domain.Tests.csproj", "{3C6DEF6E-C829-4026-9228-86149373C97E}"
EndProject
Project("{FAE04EC0-301F-11D3-BF4B-00C04F79EFBC}") = "BingoCart.Application.Tests", "tests\BingoCart.Application.Tests\BingoCart.Application.Tests.csproj", "{868BE127-FC8B-44EF-9BB2-2E568741E478}"
EndProject
Project("{FAE04EC0-301F-11D3-BF4B-00C04F79EFBC}") = "BingoCart.Api.Tests", "tests\BingoCart.Api.Tests\BingoCart.Api.Tests.csproj", "{26CB94A5-D449-4E8B-BEAE-112112541181}"
EndProject
Global
	GlobalSection(SolutionConfigurationPlatforms) = preSolution
		Debug|Any CPU = Debug|Any CPU
		Release|Any CPU = Release|Any CPU
	EndGlobalSection
	GlobalSection(SolutionProperties) = preSolution
		HideSolutionNode = FALSE
	EndGlobalSection
	GlobalSection(ProjectConfigurationPlatforms) = postSolution
		{03447582-C654-44DA-A910-3A998ED1F9B1}.Debug|Any CPU.ActiveCfg = Debug|Any CPU
		{03447582-C654-44DA-A910-3A998ED1F9B1}.Debug|Any CPU.Build.0 = Debug|Any CPU
		{03447582-C654-44DA-A910-3A998ED1F9B1}.Release|Any CPU.ActiveCfg = Release|Any CPU
		{03447582-C654-44DA-A910-3A998ED1F9B1}.Release|Any CPU.Build.0 = Release|Any CPU
		{4BDD007E-5626-4D91-9F7B-27A0B0F12486}.Debug|Any CPU.ActiveCfg = Debug|Any CPU
		{4BDD007E-5626-4D91-9F7B-27A0B0F12486}.Debug|Any CPU.Build.0 = Debug|Any CPU
		{4BDD007E-5626-4D91-9F7B-27A0B0F12486}.Release|Any CPU.ActiveCfg = Release|Any CPU
		{4BDD007E-5626-4D91-9F7B-27A0B0F12486}.Release|Any CPU.Build.0 = Release|Any CPU
		{8011D6A3-7E3C-48C5-B6ED-976A95688393}.Debug|Any CPU.ActiveCfg = Debug|Any CPU
		{8011D6A3-7E3C-48C5-B6ED-976A95688393}.Debug|Any CPU.Build.0 = Debug|Any CPU
		{8011D6A3-7E3C-48C5-B6ED-976A95688393}.Release|Any CPU.ActiveCfg = Release|Any CPU
		{8011D6A3-7E3C-48C5-B6ED-976A95688393}.Release|Any CPU.Build.0 = Release|Any CPU
		{B359ABBA-7A59-4BA3-B711-C6C4A489107B}.Debug|Any CPU.ActiveCfg = Debug|Any CPU
		{B359ABBA-7A59-4BA3-B711-C6C4A489107B}.Debug|Any CPU.Build.0 = Debug|Any CPU
		{B359ABBA-7A59-4BA3-B711-C6C4A489107B}.Release|Any CPU.ActiveCfg = Release|Any CPU
		{B359ABBA-7A59-4BA3-B711-C6C4A489107B}.Release|Any CPU.Build.0 = Release|Any CPU
		{AAE0DB1B-FEAF-4331-A947-8DE43899F470}.Debug|Any CPU.ActiveCfg = Debug|Any CPU
		{AAE0DB1B-FEAF-4331-A947-8DE43899F470}.Debug|Any CPU.Build.0 = Debug|Any CPU
		{AAE0DB1B-FEAF-4331-A947-8DE43899F470}.Release|Any CPU.ActiveCfg = Release|Any CPU
		{AAE0DB1B-FEAF-4331-A947-8DE43899F470}.Release|Any CPU.Build.0 = Release|Any CPU
		{3C6DEF6E-C829-4026-9228-86149373C97E}.Debug|Any CPU.ActiveCfg = Debug|Any CPU
		{3C6DEF6E-C829-4026-9228-86149373C97E}.Debug|Any CPU.Build.0 = Debug|Any CPU
		{3C6DEF6E-C829-4026-9228-86149373C97E}.Release|Any CPU.ActiveCfg = Release|Any CPU
		{3C6DEF6E-C829-4026-9228-86149373C97E}.Release|Any CPU.Build.0 = Release|Any CPU
		{868BE127-FC8B-44EF-9BB2-2E568741E478}.Debug|Any CPU.ActiveCfg = Debug|Any CPU
		{868BE127-FC8B-44EF-9BB2-2E568741E478}.Debug|Any CPU.Build.0 = Debug|Any CPU
		{868BE127-FC8B-44EF-9BB2-2E568741E478}.Release|Any CPU.ActiveCfg = Release|Any CPU
		{868BE127-FC8B-44EF-9BB2-2E568741E478}.Release|Any CPU.Build.0 = Release|Any CPU
		{26CB94A5-D449-4E8B-BEAE-112112541181}.Debug|Any CPU.ActiveCfg = Debug|Any CPU
		{26CB94A5-D449-4E8B-BEAE-112112541181}.Debug|Any CPU.Build.0 = Debug|Any CPU
		{26CB94A5-D449-4E8B-BEAE-112112541181}.Release|Any CPU.ActiveCfg = Release|Any CPU
		{26CB94A5-D449-4E8B-BEAE-112112541181}.Release|Any CPU.Build.0 = Release|Any CPU
	EndGlobalSection
	GlobalSection(NestedProjects) = preSolution
		{03447582-C654-44DA-A910-3A998ED1F9B1} = {26B37E9A-3EE8-420B-A532-884A2DD1B3B8}
		{4BDD007E-5626-4D91-9F7B-27A0B0F12486} = {26B37E9A-3EE8-420B-A532-884A2DD1B3B8}
		{8011D6A3-7E3C-48C5-B6ED-976A95688393} = {26B37E9A-3EE8-420B-A532-884A2DD1B3B8}
		{B359ABBA-7A59-4BA3-B711-C6C4A489107B} = {26B37E9A-3EE8-420B-A532-884A2DD1B3B8}
		{AAE0DB1B-FEAF-4331-A947-8DE43899F470} = {62A0CFAE-2904-4BE4-A02A-BD0247387D46}
		{3C6DEF6E-C829-4026-9228-86149373C97E} = {62A0CFAE-2904-4BE4-A02A-BD0247387D46}
		{868BE127-FC8B-44EF-9BB2-2E568741E478} = {62A0CFAE-2904-4BE4-A02A-BD0247387D46}
		{26CB94A5-D449-4E8B-BEAE-112112541181} = {62A0CFAE-2904-4BE4-A02A-BD0247387D46}
	EndGlobalSection
EndGlobal
